{
  "name": "protochain",
  "version": "1.0.0",
  "lockfileVersion": 2,
  "requires": true,
  "packages": {
    "": {
      "name": "protochain",
      "version": "1.0.0",
      "license": "ISC",
      "dependencies": {
        "goss_proto": "^1.0.0"
      }
    },
    "node_modules/goss_proto": {
      "version": "1.0.0",
      "resolved": "https://registry.npmjs.org/goss_proto/-/goss_proto-1.0.0.tgz",
      "integrity": "sha512-4GQBX8r9tc4v0C5u4xFiPnTw6KQcNTH2BJRXUI2xSwHtynxhLODmDQmwxdc9RVbI5JC3xgNVht71hPj+snKc2Q=="
    }
  },
  "dependencies": {
    "goss_proto": {
      "version": "1.0.0",
      "resolved": "https://registry.npmjs.org/goss_proto/-/goss_proto-1.0.0.tgz",
      "integrity": "sha512-4GQBX8r9tc4v0C5u4xFiPnTw6KQcNTH2BJRXUI2xSwHtynxhLODmDQmwxdc9RVbI5JC3xgNVht71hPj+snKc2Q=="
    }
  }
}
